
Microsoft Visual Studio Solution File, Format Version 12.00
# Visual Studio Version 16
VisualStudioVersion = 16.0.31105.61
MinimumVisualStudioVersion = 10.0.40219.1
Project("{8BC9CEB8-8B4A-11D0-8D11-00A0C91BC942}") = "project", "project.vcxproj", "{15185726-F1C9-441B-B59B-0B998C190724}"
EndProject
Global
	GlobalSection(SolutionConfigurationPlatforms) = preSolution
		Debug|x64 = Debug|x64
		Debug|x86 = Debug|x86
		Release|x64 = Release|x64
		Release|x86 = Release|x86
	EndGlobalSection
	GlobalSection(ProjectConfigurationPlatforms) = postSolution
		{15185726-F1C9-441B-B59B-0B998C190724}.Debug|x64.ActiveCfg = Debug|x64
		{15185726-F1C9-441B-B59B-0B998C190724}.Debug|x64.Build.0 = Debug|x64
		{15185726-F1C9-441B-B59B-0B998C190724}.Debug|x86.ActiveCfg = Debug|Win32
		{15185726-F1C9-441B-B59B-0B998C190724}.Debug|x86.Build.0 = Debug|Win32
		{15185726-F1C9-441B-B59B-0B998C190724}.Release|x64.ActiveCfg = Release|x64
		{15185726-F1C9-441B-B59B-0B998C190724}.Release|x64.Build.0 = Release|x64
		{15185726-F1C9-441B-B59B-0B998C190724}.Release|x86.ActiveCfg = Release|Win32
		{15185726-F1C9-441B-B59B-0B998C190724}.Release|x86.Build.0 = Release|Win32
	EndGlobalSection
	GlobalSection(SolutionProperties) = preSolution
		HideSolutionNode = FALSE
	EndGlobalSection
	GlobalSection(ExtensibilityGlobals) = postSolution
		SolutionGuid = {932C4B38-34FE-4CF4-A29E-01574EA247E3}
	EndGlobalSection
EndGlobal
